
Microsoft Visual Studio Solution File, Format Version 12.00
# Visual Studio Version 16
VisualStudioVersion = 16.0.31025.194
MinimumVisualStudioVersion = 10.0.40219.1
Project("{FAE04EC0-301F-11D3-BF4B-00C04F79EFBC}") = "Inventory-manager", "Inventory-manager\Inventory-manager.csproj", "{5822280C-CF4A-4DFF-9AA0-293F185775CC}"
EndProject
Global
	GlobalSection(SolutionConfigurationPlatforms) = preSolution
		Debug|Any CPU = Debug|Any CPU
		Release|Any CPU = Release|Any CPU
	EndGlobalSection
	GlobalSection(ProjectConfigurationPlatforms) = postSolution
		{5822280C-CF4A-4DFF-9AA0-293F185775CC}.Debug|Any CPU.ActiveCfg = Debug|Any CPU
		{5822280C-CF4A-4DFF-9AA0-293F185775CC}.Debug|Any CPU.Build.0 = Debug|Any CPU
		{5822280C-CF4A-4DFF-9AA0-293F185775CC}.Release|Any CPU.ActiveCfg = Release|Any CPU
		{5822280C-CF4A-4DFF-9AA0-293F185775CC}.Release|Any CPU.Build.0 = Release|Any CPU
	EndGlobalSection
	GlobalSection(SolutionProperties) = preSolution
		HideSolutionNode = FALSE
	EndGlobalSection
	GlobalSection(ExtensibilityGlobals) = postSolution
		SolutionGuid = {BC8EA73B-61CB-47D8-A3E9-B3C2B46A64A1}
	EndGlobalSection
EndGlobal
